// !$*UTF8*$!
{
	archiveVersion = 1;
	classes = {
	};
	objectVersion = 77;
	objects = {

/* Begin PBXBuildFile section */
		76784CBA2E08420E0029B277 /* WidgetKit.framework in Frameworks */ = {isa = PBXBuildFile; fileRef = 76784CB92E08420E0029B277 /* WidgetKit.framework */; };
		76784CBC2E08420E0029B277 /* SwiftUI.framework in Frameworks */ = {isa = PBXBuildFile; fileRef = 76784CBB2E08420E0029B277 /* SwiftUI.framework */; };
		76784CC92E08420F0029B277 /* DailyPasswordsExtension.appex in Embed Foundation Extensions */ = {isa = PBXBuildFile; fileRef = 76784CB72E08420E0029B277 /* DailyPasswordsExtension.appex */; settings = {ATTRIBUTES = (RemoveHeadersOnCopy, ); }; };
/* End PBXBuildFile section */

/* Begin PBXContainerItemProxy section */
		760404DC2E06F53F003D2210 /* PBXContainerItemProxy */ = {
			isa = PBXContainerItemProxy;
			containerPortal = 760404C42E06F53E003D2210 /* Project object */;
			proxyType = 1;
			remoteGlobalIDString = 760404CB2E06F53E003D2210;
			remoteInfo = PasswordUtil;
		};
		760404E62E06F53F003D2210 /* PBXContainerItemProxy */ = {
			isa = PBXContainerItemProxy;
			containerPortal = 760404C42E06F53E003D2210 /* Project object */;
			proxyType = 1;
			remoteGlobalIDString = 760404CB2E06F53E003D2210;
			remoteInfo = PasswordUtil;
		};
		76784CC72E08420F0029B277 /* PBXContainerItemProxy */ = {
			isa = PBXContainerItemProxy;
			containerPortal = 760404C42E06F53E003D2210 /* Project object */;
			proxyType = 1;
			remoteGlobalIDString = 76784CB62E08420E0029B277;
			remoteInfo = DailyPasswordsExtension;
		};
/* End PBXContainerItemProxy section */

/* Begin PBXCopyFilesBuildPhase section */
		76784CCA2E08420F0029B277 /* Embed Foundation Extensions */ = {
			isa = PBXCopyFilesBuildPhase;
			buildActionMask = 2147483647;
			dstPath = "";
			dstSubfolderSpec = 13;
			files = (
				76784CC92E08420F0029B277 /* DailyPasswordsExtension.appex in Embed Foundation Extensions */,
			);
			name = "Embed Foundation Extensions";
			runOnlyForDeploymentPostprocessing = 0;
		};
/* End PBXCopyFilesBuildPhase section */

/* Begin PBXFileReference section */
		760404CC2E06F53E003D2210 /* PasswordUtil.app */ = {isa = PBXFileReference; explicitFileType = wrapper.application; includeInIndex = 0; path = PasswordUtil.app; sourceTree = BUILT_PRODUCTS_DIR; };
		760404DB2E06F53F003D2210 /* PasswordUtilTests.xctest */ = {isa = PBXFileReference; explicitFileType = wrapper.cfbundle; includeInIndex = 0; path = PasswordUtilTests.xctest; sourceTree = BUILT_PRODUCTS_DIR; };
		760404E52E06F53F003D2210 /* PasswordUtilUITests.xctest */ = {isa = PBXFileReference; explicitFileType = wrapper.cfbundle; includeInIndex = 0; path = PasswordUtilUITests.xctest; sourceTree = BUILT_PRODUCTS_DIR; };
		76784CB72E08420E0029B277 /* DailyPasswordsExtension.appex */ = {isa = PBXFileReference; explicitFileType = "wrapper.app-extension"; includeInIndex = 0; path = DailyPasswordsExtension.appex; sourceTree = BUILT_PRODUCTS_DIR; };
		76784CB92E08420E0029B277 /* WidgetKit.framework */ = {isa = PBXFileReference; lastKnownFileType = wrapper.framework; name = WidgetKit.framework; path = System/Library/Frameworks/WidgetKit.framework; sourceTree = SDKROOT; };
		76784CBB2E08420E0029B277 /* SwiftUI.framework */ = {isa = PBXFileReference; lastKnownFileType = wrapper.framework; name = SwiftUI.framework; path = System/Library/Frameworks/SwiftUI.framework; sourceTree = SDKROOT; };
/* End PBXFileReference section */

/* Begin PBXFileSystemSynchronizedBuildFileExceptionSet section */
		76784CCD2E08420F0029B277 /* Exceptions for "DailyPasswords" folder in "DailyPasswordsExtension" target */ = {
			isa = PBXFileSystemSynchronizedBuildFileExceptionSet;
			membershipExceptions = (
				Info.plist,
			);
			target = 76784CB62E08420E0029B277 /* DailyPasswordsExtension */;
		};
/* End PBXFileSystemSynchronizedBuildFileExceptionSet section */

/* Begin PBXFileSystemSynchronizedRootGroup section */
		760404CE2E06F53E003D2210 /* PasswordUtil */ = {
			isa = PBXFileSystemSynchronizedRootGroup;
			path = PasswordUtil;
			sourceTree = "<group>";
		};
		760404DE2E06F53F003D2210 /* PasswordUtilTests */ = {
			isa = PBXFileSystemSynchronizedRootGroup;
			path = PasswordUtilTests;
			sourceTree = "<group>";
		};
		760404E82E06F53F003D2210 /* PasswordUtilUITests */ = {
			isa = PBXFileSystemSynchronizedRootGroup;
			path = PasswordUtilUITests;
			sourceTree = "<group>";
		};
		76784CBD2E08420E0029B277 /* DailyPasswords */ = {
			isa = PBXFileSystemSynchronizedRootGroup;
			exceptions = (
				76784CCD2E08420F0029B277 /* Exceptions for "DailyPasswords" folder in "DailyPasswordsExtension" target */,
			);
			path = DailyPasswords;
			sourceTree = "<group>";
		};
/* End PBXFileSystemSynchronizedRootGroup section */

/* Begin PBXFrameworksBuildPhase section */
		760404C92E06F53E003D2210 /* Frameworks */ = {
			isa = PBXFrameworksBuildPhase;
			buildActionMask = 2147483647;
			files = (
			);
			runOnlyForDeploymentPostprocessing = 0;
		};
		760404D82E06F53F003D2210 /* Frameworks */ = {
			isa = PBXFrameworksBuildPhase;
			buildActionMask = 2147483647;
			files = (
			);
			runOnlyForDeploymentPostprocessing = 0;
		};
		760404E22E06F53F003D2210 /* Frameworks */ = {
			isa = PBXFrameworksBuildPhase;
			buildActionMask = 2147483647;
			files = (
			);
			runOnlyForDeploymentPostprocessing = 0;
		};
		76784CB42E08420E0029B277 /* Frameworks */ = {
			isa = PBXFrameworksBuildPhase;
			buildActionMask = 2147483647;
			files = (
				76784CBC2E08420E0029B277 /* SwiftUI.framework in Frameworks */,
				76784CBA2E08420E0029B277 /* WidgetKit.framework in Frameworks */,
			);
			runOnlyForDeploymentPostprocessing = 0;
		};
/* End PBXFrameworksBuildPhase section */

/* Begin PBXGroup section */
		760404C32E06F53E003D2210 = {
			isa = PBXGroup;
			children = (
				76E5D6772E07E6CC009767C7 /* PasswordUtilDesktop */,
				760404CE2E06F53E003D2210 /* PasswordUtil */,
				760404DE2E06F53F003D2210 /* PasswordUtilTests */,
				760404E82E06F53F003D2210 /* PasswordUtilUITests */,
				76784CBD2E08420E0029B277 /* DailyPasswords */,
				76784CB82E08420E0029B277 /* Frameworks */,
				760404CD2E06F53E003D2210 /* Products */,
			);
			sourceTree = "<group>";
		};
		760404CD2E06F53E003D2210 /* Products */ = {
			isa = PBXGroup;
			children = (
				760404CC2E06F53E003D2210 /* PasswordUtil.app */,
				760404DB2E06F53F003D2210 /* PasswordUtilTests.xctest */,
				760404E52E06F53F003D2210 /* PasswordUtilUITests.xctest */,
				76784CB72E08420E0029B277 /* DailyPasswordsExtension.appex */,
			);
			name = Products;
			sourceTree = "<group>";
		};
		76784CB82E08420E0029B277 /* Frameworks */ = {
			isa = PBXGroup;
			children = (
				76784CB92E08420E0029B277 /* WidgetKit.framework */,
				76784CBB2E08420E0029B277 /* SwiftUI.framework */,
			);
			name = Frameworks;
			sourceTree = "<group>";
		};
		76E5D6772E07E6CC009767C7 /* PasswordUtilDesktop */ = {
			isa = PBXGroup;
			children = (
			);
			path = PasswordUtilDesktop;
			sourceTree = "<group>";
		};
/* End PBXGroup section */

/* Begin PBXNativeTarget section */
		760404CB2E06F53E003D2210 /* PasswordUtil */ = {
			isa = PBXNativeTarget;
			buildConfigurationList = 760404EF2E06F53F003D2210 /* Build configuration list for PBXNativeTarget "PasswordUtil" */;
			buildPhases = (
				760404C82E06F53E003D2210 /* Sources */,
				760404C92E06F53E003D2210 /* Frameworks */,
				760404CA2E06F53E003D2210 /* Resources */,
				76784CCA2E08420F0029B277 /* Embed Foundation Extensions */,
			);
			buildRules = (
			);
			dependencies = (
				76784CC82E08420F0029B277 /* PBXTargetDependency */,
			);
			fileSystemSynchronizedGroups = (
				760404CE2E06F53E003D2210 /* PasswordUtil */,
			);
			name = PasswordUtil;
			packageProductDependencies = (
			);
			productName = PasswordUtil;
			productReference = 760404CC2E06F53E003D2210 /* PasswordUtil.app */;
			productType = "com.apple.product-type.application";
		};
		760404DA2E06F53F003D2210 /* PasswordUtilTests */ = {
			isa = PBXNativeTarget;
			buildConfigurationList = 760404F22E06F53F003D2210 /* Build configuration list for PBXNativeTarget "PasswordUtilTests" */;
			buildPhases = (
				760404D72E06F53F003D2210 /* Sources */,
				760404D82E06F53F003D2210 /* Frameworks */,
				760404D92E06F53F003D2210 /* Resources */,
			);
			buildRules = (
			);
			dependencies = (
				760404DD2E06F53F003D2210 /* PBXTargetDependency */,
			);
			fileSystemSynchronizedGroups = (
				760404DE2E06F53F003D2210 /* PasswordUtilTests */,
			);
			name = PasswordUtilTests;
			packageProductDependencies = (
			);
			productName = PasswordUtilTests;
			productReference = 760404DB2E06F53F003D2210 /* PasswordUtilTests.xctest */;
			productType = "com.apple.product-type.bundle.unit-test";
		};
		760404E42E06F53F003D2210 /* PasswordUtilUITests */ = {
			isa = PBXNativeTarget;
			buildConfigurationList = 760404F52E06F53F003D2210 /* Build configuration list for PBXNativeTarget "PasswordUtilUITests" */;
			buildPhases = (
				760404E12E06F53F003D2210 /* Sources */,
				760404E22E06F53F003D2210 /* Frameworks */,
				760404E32E06F53F003D2210 /* Resources */,
			);
			buildRules = (
			);
			dependencies = (
				760404E72E06F53F003D2210 /* PBXTargetDependency */,
			);
			fileSystemSynchronizedGroups = (
				760404E82E06F53F003D2210 /* PasswordUtilUITests */,
			);
			name = PasswordUtilUITests;
			packageProductDependencies = (
			);
			productName = PasswordUtilUITests;
			productReference = 760404E52E06F53F003D2210 /* PasswordUtilUITests.xctest */;
			productType = "com.apple.product-type.bundle.ui-testing";
		};
		76784CB62E08420E0029B277 /* DailyPasswordsExtension */ = {
			isa = PBXNativeTarget;
			buildConfigurationList = 76784CCE2E08420F0029B277 /* Build configuration list for PBXNativeTarget "DailyPasswordsExtension" */;
			buildPhases = (
				76784CB32E08420E0029B277 /* Sources */,
				76784CB42E08420E0029B277 /* Frameworks */,
				76784CB52E08420E0029B277 /* Resources */,
			);
			buildRules = (
			);
			dependencies = (
			);
			fileSystemSynchronizedGroups = (
				76784CBD2E08420E0029B277 /* DailyPasswords */,
			);
			name = DailyPasswordsExtension;
			packageProductDependencies = (
			);
			productName = DailyPasswordsExtension;
			productReference = 76784CB72E08420E0029B277 /* DailyPasswordsExtension.appex */;
			productType = "com.apple.product-type.app-extension";
		};
/* End PBXNativeTarget section */

/* Begin PBXProject section */
		760404C42E06F53E003D2210 /* Project object */ = {
			isa = PBXProject;
			attributes = {
				BuildIndependentTargetsInParallel = 1;
				LastSwiftUpdateCheck = 1640;
				LastUpgradeCheck = 1640;
				TargetAttributes = {
					760404CB2E06F53E003D2210 = {
						CreatedOnToolsVersion = 16.4;
					};
					760404DA2E06F53F003D2210 = {
						CreatedOnToolsVersion = 16.4;
						TestTargetID = 760404CB2E06F53E003D2210;
					};
					760404E42E06F53F003D2210 = {
						CreatedOnToolsVersion = 16.4;
						TestTargetID = 760404CB2E06F53E003D2210;
					};
					76784CB62E08420E0029B277 = {
						CreatedOnToolsVersion = 16.4;
					};
				};
			};
			buildConfigurationList = 760404C72E06F53E003D2210 /* Build configuration list for PBXProject "PasswordUtil" */;
			developmentRegion = en;
			hasScannedForEncodings = 0;
			knownRegions = (
				en,
				Base,
			);
			mainGroup = 760404C32E06F53E003D2210;
			minimizedProjectReferenceProxies = 1;
			preferredProjectObjectVersion = 77;
			productRefGroup = 760404CD2E06F53E003D2210 /* Products */;
			projectDirPath = "";
			projectRoot = "";
			targets = (
				760404CB2E06F53E003D2210 /* PasswordUtil */,
				760404DA2E06F53F003D2210 /* PasswordUtilTests */,
				760404E42E06F53F003D2210 /* PasswordUtilUITests */,
				76784CB62E08420E0029B277 /* DailyPasswordsExtension */,
			);
		};
/* End PBXProject section */

/* Begin PBXResourcesBuildPhase section */
		760404CA2E06F53E003D2210 /* Resources */ = {
			isa = PBXResourcesBuildPhase;
			buildActionMask = 2147483647;
			files = (
			);
			runOnlyForDeploymentPostprocessing = 0;
		};
		760404D92E06F53F003D2210 /* Resources */ = {
			isa = PBXResourcesBuildPhase;
			buildActionMask = 2147483647;
			files = (
			);
			runOnlyForDeploymentPostprocessing = 0;
		};
		760404E32E06F53F003D2210 /* Resources */ = {
			isa = PBXResourcesBuildPhase;
			buildActionMask = 2147483647;
			files = (
			);
			runOnlyForDeploymentPostprocessing = 0;
		};
		76784CB52E08420E0029B277 /* Resources */ = {
			isa = PBXResourcesBuildPhase;
			buildActionMask = 2147483647;
			files = (
			);
			runOnlyForDeploymentPostprocessing = 0;
		};
/* End PBXResourcesBuildPhase section */

/* Begin PBXSourcesBuildPhase section */
		760404C82E06F53E003D2210 /* Sources */ = {
			isa = PBXSourcesBuildPhase;
			buildActionMask = 2147483647;
			files = (
			);
			runOnlyForDeploymentPostprocessing = 0;
		};
		760404D72E06F53F003D2210 /* Sources */ = {
			isa = PBXSourcesBuildPhase;
			buildActionMask = 2147483647;
			files = (
			);
			runOnlyForDeploymentPostprocessing = 0;
		};
		760404E12E06F53F003D2210 /* Sources */ = {
			isa = PBXSourcesBuildPhase;
			buildActionMask = 2147483647;
			files = (
			);
			runOnlyForDeploymentPostprocessing = 0;
		};
		76784CB32E08420E0029B277 /* Sources */ = {
			isa = PBXSourcesBuildPhase;
			buildActionMask = 2147483647;
			files = (
			);
			runOnlyForDeploymentPostprocessing = 0;
		};
/* End PBXSourcesBuildPhase section */

/* Begin PBXTargetDependency section */
		760404DD2E06F53F003D2210 /* PBXTargetDependency */ = {
			isa = PBXTargetDependency;
			target = 760404CB2E06F53E003D2210 /* PasswordUtil */;
			targetProxy = 760404DC2E06F53F003D2210 /* PBXContainerItemProxy */;
		};
		760404E72E06F53F003D2210 /* PBXTargetDependency */ = {
			isa = PBXTargetDependency;
			target = 760404CB2E06F53E003D2210 /* PasswordUtil */;
			targetProxy = 760404E62E06F53F003D2210 /* PBXContainerItemProxy */;
		};
		76784CC82E08420F0029B277 /* PBXTargetDependency */ = {
			isa = PBXTargetDependency;
			target = 76784CB62E08420E0029B277 /* DailyPasswordsExtension */;
			targetProxy = 76784CC72E08420F0029B277 /* PBXContainerItemProxy */;
		};
/* End PBXTargetDependency section */

/* Begin XCBuildConfiguration section */
		760404ED2E06F53F003D2210 /* Debug */ = {
			isa = XCBuildConfiguration;
			buildSettings = {
				ALWAYS_SEARCH_USER_PATHS = NO;
				ASSETCATALOG_COMPILER_GENERATE_SWIFT_ASSET_SYMBOL_EXTENSIONS = YES;
				CLANG_ANALYZER_NONNULL = YES;
				CLANG_ANALYZER_NUMBER_OBJECT_CONVERSION = YES_AGGRESSIVE;
				CLANG_CXX_LANGUAGE_STANDARD = "gnu++20";
				CLANG_ENABLE_MODULES = YES;
				CLANG_ENABLE_OBJC_ARC = YES;
				CLANG_ENABLE_OBJC_WEAK = YES;
				CLANG_WARN_BLOCK_CAPTURE_AUTORELEASING = YES;
				CLANG_WARN_BOOL_CONVERSION = YES;
				CLANG_WARN_COMMA = YES;
				CLANG_WARN_CONSTANT_CONVERSION = YES;
				CLANG_WARN_DEPRECATED_OBJC_IMPLEMENTATIONS = YES;
				CLANG_WARN_DIRECT_OBJC_ISA_USAGE = YES_ERROR;
				CLANG_WARN_DOCUMENTATION_COMMENTS = YES;
				CLANG_WARN_EMPTY_BODY = YES;
				CLANG_WARN_ENUM_CONVERSION = YES;
				CLANG_WARN_INFINITE_RECURSION = YES;
				CLANG_WARN_INT_CONVERSION = YES;
				CLANG_WARN_NON_LITERAL_NULL_CONVERSION = YES;
				CLANG_WARN_OBJC_IMPLICIT_RETAIN_SELF = YES;
				CLANG_WARN_OBJC_LITERAL_CONVERSION = YES;
				CLANG_WARN_OBJC_ROOT_CLASS = YES_ERROR;
				CLANG_WARN_QUOTED_INCLUDE_IN_FRAMEWORK_HEADER = YES;
				CLANG_WARN_RANGE_LOOP_ANALYSIS = YES;
				CLANG_WARN_STRICT_PROTOTYPES = YES;
				CLANG_WARN_SUSPICIOUS_MOVE = YES;
				CLANG_WARN_UNGUARDED_AVAILABILITY = YES_AGGRESSIVE;
				CLANG_WARN_UNREACHABLE_CODE = YES;
				CLANG_WARN__DUPLICATE_METHOD_MATCH = YES;
				COPY_PHASE_STRIP = NO;
				DEBUG_INFORMATION_FORMAT = dwarf;
				ENABLE_STRICT_OBJC_MSGSEND = YES;
				ENABLE_TESTABILITY = YES;
				ENABLE_USER_SCRIPT_SANDBOXING = YES;
				GCC_C_LANGUAGE_STANDARD = gnu17;
				GCC_DYNAMIC_NO_PIC = NO;
				GCC_NO_COMMON_BLOCKS = YES;
				GCC_OPTIMIZATION_LEVEL = 0;
				GCC_PREPROCESSOR_DEFINITIONS = (
					"DEBUG=1",
					"$(inherited)",
				);
				GCC_WARN_64_TO_32_BIT_CONVERSION = YES;
				GCC_WARN_ABOUT_RETURN_TYPE = YES_ERROR;
				GCC_WARN_UNDECLARED_SELECTOR = YES;
				GCC_WARN_UNINITIALIZED_AUTOS = YES_AGGRESSIVE;
				GCC_WARN_UNUSED_FUNCTION = YES;
				GCC_WARN_UNUSED_VARIABLE = YES;
				IPHONEOS_DEPLOYMENT_TARGET = 18.5;
				LOCALIZATION_PREFERS_STRING_CATALOGS = YES;
				MTL_ENABLE_DEBUG_INFO = INCLUDE_SOURCE;
				MTL_FAST_MATH = YES;
				ONLY_ACTIVE_ARCH = YES;
				SDKROOT = iphoneos;
				SWIFT_ACTIVE_COMPILATION_CONDITIONS = "DEBUG $(inherited)";
				SWIFT_OPTIMIZATION_LEVEL = "-Onone";
			};
			name = Debug;
		};
		760404EE2E06F53F003D2210 /* Release */ = {
			isa = XCBuildConfiguration;
			buildSettings = {
				ALWAYS_SEARCH_USER_PATHS = NO;
				ASSETCATALOG_COMPILER_GENERATE_SWIFT_ASSET_SYMBOL_EXTENSIONS = YES;
				CLANG_ANALYZER_NONNULL = YES;
				CLANG_ANALYZER_NUMBER_OBJECT_CONVERSION = YES_AGGRESSIVE;
				CLANG_CXX_LANGUAGE_STANDARD = "gnu++20";
				CLANG_ENABLE_MODULES = YES;
				CLANG_ENABLE_OBJC_ARC = YES;
				CLANG_ENABLE_OBJC_WEAK = YES;
				CLANG_WARN_BLOCK_CAPTURE_AUTORELEASING = YES;
				CLANG_WARN_BOOL_CONVERSION = YES;
				CLANG_WARN_COMMA = YES;
				CLANG_WARN_CONSTANT_CONVERSION = YES;
				CLANG_WARN_DEPRECATED_OBJC_IMPLEMENTATIONS = YES;
				CLANG_WARN_DIRECT_OBJC_ISA_USAGE = YES_ERROR;
				CLANG_WARN_DOCUMENTATION_COMMENTS = YES;
				CLANG_WARN_EMPTY_BODY = YES;
				CLANG_WARN_ENUM_CONVERSION = YES;
				CLANG_WARN_INFINITE_RECURSION = YES;
				CLANG_WARN_INT_CONVERSION = YES;
				CLANG_WARN_NON_LITERAL_NULL_CONVERSION = YES;
				CLANG_WARN_OBJC_IMPLICIT_RETAIN_SELF = YES;
				CLANG_WARN_OBJC_LITERAL_CONVERSION = YES;
				CLANG_WARN_OBJC_ROOT_CLASS = YES_ERROR;
				CLANG_WARN_QUOTED_INCLUDE_IN_FRAMEWORK_HEADER = YES;
				CLANG_WARN_RANGE_LOOP_ANALYSIS = YES;
				CLANG_WARN_STRICT_PROTOTYPES = YES;
				CLANG_WARN_SUSPICIOUS_MOVE = YES;
				CLANG_WARN_UNGUARDED_AVAILABILITY = YES_AGGRESSIVE;
				CLANG_WARN_UNREACHABLE_CODE = YES;
				CLANG_WARN__DUPLICATE_METHOD_MATCH = YES;
				COPY_PHASE_STRIP = NO;
				DEBUG_INFORMATION_FORMAT = "dwarf-with-dsym";
				ENABLE_NS_ASSERTIONS = NO;
				ENABLE_STRICT_OBJC_MSGSEND = YES;
				ENABLE_USER_SCRIPT_SANDBOXING = YES;
				GCC_C_LANGUAGE_STANDARD = gnu17;
				GCC_NO_COMMON_BLOCKS = YES;
				GCC_WARN_64_TO_32_BIT_CONVERSION = YES;
				GCC_WARN_ABOUT_RETURN_TYPE = YES_ERROR;
				GCC_WARN_UNDECLARED_SELECTOR = YES;
				GCC_WARN_UNINITIALIZED_AUTOS = YES_AGGRESSIVE;
				GCC_WARN_UNUSED_FUNCTION = YES;
				GCC_WARN_UNUSED_VARIABLE = YES;
				IPHONEOS_DEPLOYMENT_TARGET = 18.5;
				LOCALIZATION_PREFERS_STRING_CATALOGS = YES;
				MTL_ENABLE_DEBUG_INFO = NO;
				MTL_FAST_MATH = YES;
				SDKROOT = iphoneos;
				SWIFT_COMPILATION_MODE = wholemodule;
				VALIDATE_PRODUCT = YES;
			};
			name = Release;
		};
		760404F02E06F53F003D2210 /* Debug */ = {
			isa = XCBuildConfiguration;
			buildSettings = {
				ASSETCATALOG_COMPILER_APPICON_NAME = AppIcon;
				ASSETCATALOG_COMPILER_GLOBAL_ACCENT_COLOR_NAME = AccentColor;
				ASSETCATALOG_COMPILER_INCLUDE_ALL_APPICON_ASSETS = NO;
				CODE_SIGN_STYLE = Automatic;
				CURRENT_PROJECT_VERSION = 1;
				DEVELOPMENT_TEAM = 75K46PUYA5;
				ENABLE_PREVIEWS = YES;
				GENERATE_INFOPLIST_FILE = YES;
				INFOPLIST_KEY_CFBundleDisplayName = "Password Util";
				INFOPLIST_KEY_LSApplicationCategoryType = "public.app-category.utilities";
				INFOPLIST_KEY_UIApplicationSceneManifest_Generation = YES;
				INFOPLIST_KEY_UIApplicationSupportsIndirectInputEvents = YES;
				INFOPLIST_KEY_UILaunchScreen_Generation = YES;
				INFOPLIST_KEY_UISupportedInterfaceOrientations_iPad = "UIInterfaceOrientationPortrait UIInterfaceOrientationPortraitUpsideDown UIInterfaceOrientationLandscapeLeft UIInterfaceOrientationLandscapeRight";
				INFOPLIST_KEY_UISupportedInterfaceOrientations_iPhone = "UIInterfaceOrientationPortrait UIInterfaceOrientationLandscapeLeft UIInterfaceOrientationLandscapeRight";
				LD_RUNPATH_SEARCH_PATHS = (
					"$(inherited)",
					"@executable_path/Frameworks",
				);
				MARKETING_VERSION = 1.0;
				PRODUCT_BUNDLE_IDENTIFIER = mimm.PasswordUtil;
				PRODUCT_NAME = "$(TARGET_NAME)";
				SWIFT_EMIT_LOC_STRINGS = YES;
				SWIFT_VERSION = 5.0;
				TARGETED_DEVICE_FAMILY = "1,2";
			};
			name = Debug;
		};
		760404F12E06F53F003D2210 /* Release */ = {
			isa = XCBuildConfiguration;
			buildSettings = {
				ASSETCATALOG_COMPILER_APPICON_NAME = AppIcon;
				ASSETCATALOG_COMPILER_GLOBAL_ACCENT_COLOR_NAME = AccentColor;
				ASSETCATALOG_COMPILER_INCLUDE_ALL_APPICON_ASSETS = NO;
				CODE_SIGN_STYLE = Automatic;
				CURRENT_PROJECT_VERSION = 1;
				DEVELOPMENT_TEAM = 75K46PUYA5;
				ENABLE_PREVIEWS = YES;
				GENERATE_INFOPLIST_FILE = YES;
				INFOPLIST_KEY_CFBundleDisplayName = "Password Util";
				INFOPLIST_KEY_LSApplicationCategoryType = "public.app-category.utilities";
				INFOPLIST_KEY_UIApplicationSceneManifest_Generation = YES;
				INFOPLIST_KEY_UIApplicationSupportsIndirectInputEvents = YES;
				INFOPLIST_KEY_UILaunchScreen_Generation = YES;
				INFOPLIST_KEY_UISupportedInterfaceOrientations_iPad = "UIInterfaceOrientationPortrait UIInterfaceOrientationPortraitUpsideDown UIInterfaceOrientationLandscapeLeft UIInterfaceOrientationLandscapeRight";
				INFOPLIST_KEY_UISupportedInterfaceOrientations_iPhone = "UIInterfaceOrientationPortrait UIInterfaceOrientationLandscapeLeft UIInterfaceOrientationLandscapeRight";
				LD_RUNPATH_SEARCH_PATHS = (
					"$(inherited)",
					"@executable_path/Frameworks",
				);
				MARKETING_VERSION = 1.0;
				PRODUCT_BUNDLE_IDENTIFIER = mimm.PasswordUtil;
				PRODUCT_NAME = "$(TARGET_NAME)";
				SWIFT_EMIT_LOC_STRINGS = YES;
				SWIFT_VERSION = 5.0;
				TARGETED_DEVICE_FAMILY = "1,2";
			};
			name = Release;
		};
		760404F32E06F53F003D2210 /* Debug */ = {
			isa = XCBuildConfiguration;
			buildSettings = {
				BUNDLE_LOADER = "$(TEST_HOST)";
				CODE_SIGN_STYLE = Automatic;
				CURRENT_PROJECT_VERSION = 1;
				GENERATE_INFOPLIST_FILE = YES;
				IPHONEOS_DEPLOYMENT_TARGET = 18.5;
				MARKETING_VERSION = 1.0;
				PRODUCT_BUNDLE_IDENTIFIER = mimm.PasswordUtilTests;
				PRODUCT_NAME = "$(TARGET_NAME)";
				SWIFT_EMIT_LOC_STRINGS = NO;
				SWIFT_VERSION = 5.0;
				TARGETED_DEVICE_FAMILY = "1,2";
				TEST_HOST = "$(BUILT_PRODUCTS_DIR)/PasswordUtil.app/$(BUNDLE_EXECUTABLE_FOLDER_PATH)/PasswordUtil";
			};
			name = Debug;
		};
		760404F42E06F53F003D2210 /* Release */ = {
			isa = XCBuildConfiguration;
			buildSettings = {
				BUNDLE_LOADER = "$(TEST_HOST)";
				CODE_SIGN_STYLE = Automatic;
				CURRENT_PROJECT_VERSION = 1;
				GENERATE_INFOPLIST_FILE = YES;
				IPHONEOS_DEPLOYMENT_TARGET = 18.5;
				MARKETING_VERSION = 1.0;
				PRODUCT_BUNDLE_IDENTIFIER = mimm.PasswordUtilTests;
				PRODUCT_NAME = "$(TARGET_NAME)";
				SWIFT_EMIT_LOC_STRINGS = NO;
				SWIFT_VERSION = 5.0;
				TARGETED_DEVICE_FAMILY = "1,2";
				TEST_HOST = "$(BUILT_PRODUCTS_DIR)/PasswordUtil.app/$(BUNDLE_EXECUTABLE_FOLDER_PATH)/PasswordUtil";
			};
			name = Release;
		};
		760404F62E06F53F003D2210 /* Debug */ = {
			isa = XCBuildConfiguration;
			buildSettings = {
				CODE_SIGN_STYLE = Automatic;
				CURRENT_PROJECT_VERSION = 1;
				GENERATE_INFOPLIST_FILE = YES;
				MARKETING_VERSION = 1.0;
				PRODUCT_BUNDLE_IDENTIFIER = mimm.PasswordUtilUITests;
				PRODUCT_NAME = "$(TARGET_NAME)";
				SWIFT_EMIT_LOC_STRINGS = NO;
				SWIFT_VERSION = 5.0;
				TARGETED_DEVICE_FAMILY = "1,2";
				TEST_TARGET_NAME = PasswordUtil;
			};
			name = Debug;
		};
		760404F72E06F53F003D2210 /* Release */ = {
			isa = XCBuildConfiguration;
			buildSettings = {
				CODE_SIGN_STYLE = Automatic;
				CURRENT_PROJECT_VERSION = 1;
				GENERATE_INFOPLIST_FILE = YES;
				MARKETING_VERSION = 1.0;
				PRODUCT_BUNDLE_IDENTIFIER = mimm.PasswordUtilUITests;
				PRODUCT_NAME = "$(TARGET_NAME)";
				SWIFT_EMIT_LOC_STRINGS = NO;
				SWIFT_VERSION = 5.0;
				TARGETED_DEVICE_FAMILY = "1,2";
				TEST_TARGET_NAME = PasswordUtil;
			};
			name = Release;
		};
		76784CCB2E08420F0029B277 /* Debug */ = {
			isa = XCBuildConfiguration;
			buildSettings = {
				ASSETCATALOG_COMPILER_GLOBAL_ACCENT_COLOR_NAME = AccentColor;
				ASSETCATALOG_COMPILER_WIDGET_BACKGROUND_COLOR_NAME = WidgetBackground;
				CODE_SIGN_STYLE = Automatic;
				CURRENT_PROJECT_VERSION = 1;
				DEVELOPMENT_TEAM = 75K46PUYA5;
				GENERATE_INFOPLIST_FILE = YES;
				INFOPLIST_FILE = DailyPasswords/Info.plist;
				INFOPLIST_KEY_CFBundleDisplayName = DailyPasswords;
				INFOPLIST_KEY_NSHumanReadableCopyright = "";
				LD_RUNPATH_SEARCH_PATHS = (
					"$(inherited)",
					"@executable_path/Frameworks",
					"@executable_path/../../Frameworks",
				);
				MARKETING_VERSION = 1.0;
				PRODUCT_BUNDLE_IDENTIFIER = mimm.PasswordUtil.DailyPasswords;
				PRODUCT_NAME = "$(TARGET_NAME)";
				SKIP_INSTALL = YES;
				SWIFT_EMIT_LOC_STRINGS = YES;
				SWIFT_VERSION = 5.0;
				TARGETED_DEVICE_FAMILY = "1,2";
			};
			name = Debug;
		};
		76784CCC2E08420F0029B277 /* Release */ = {
			isa = XCBuildConfiguration;
			buildSettings = {
				ASSETCATALOG_COMPILER_GLOBAL_ACCENT_COLOR_NAME = AccentColor;
				ASSETCATALOG_COMPILER_WIDGET_BACKGROUND_COLOR_NAME = WidgetBackground;
				CODE_SIGN_STYLE = Automatic;
				CURRENT_PROJECT_VERSION = 1;
				DEVELOPMENT_TEAM = 75K46PUYA5;
				GENERATE_INFOPLIST_FILE = YES;
				INFOPLIST_FILE = DailyPasswords/Info.plist;
				INFOPLIST_KEY_CFBundleDisplayName = DailyPasswords;
				INFOPLIST_KEY_NSHumanReadableCopyright = "";
				LD_RUNPATH_SEARCH_PATHS = (
					"$(inherited)",
					"@executable_path/Frameworks",
					"@executable_path/../../Frameworks",
				);
				MARKETING_VERSION = 1.0;
				PRODUCT_BUNDLE_IDENTIFIER = mimm.PasswordUtil.DailyPasswords;
				PRODUCT_NAME = "$(TARGET_NAME)";
				SKIP_INSTALL = YES;
				SWIFT_EMIT_LOC_STRINGS = YES;
				SWIFT_VERSION = 5.0;
				TARGETED_DEVICE_FAMILY = "1,2";
			};
			name = Release;
		};
/* End XCBuildConfiguration section */

/* Begin XCConfigurationList section */
		760404C72E06F53E003D2210 /* Build configuration list for PBXProject "PasswordUtil" */ = {
			isa = XCConfigurationList;
			buildConfigurations = (
				760404ED2E06F53F003D2210 /* Debug */,
				760404EE2E06F53F003D2210 /* Release */,
			);
			defaultConfigurationIsVisible = 0;
			defaultConfigurationName = Release;
		};
		760404EF2E06F53F003D2210 /* Build configuration list for PBXNativeTarget "PasswordUtil" */ = {
			isa = XCConfigurationList;
			buildConfigurations = (
				760404F02E06F53F003D2210 /* Debug */,
				760404F12E06F53F003D2210 /* Release */,
			);
			defaultConfigurationIsVisible = 0;
			defaultConfigurationName = Release;
		};
		760404F22E06F53F003D2210 /* Build configuration list for PBXNativeTarget "PasswordUtilTests" */ = {
			isa = XCConfigurationList;
			buildConfigurations = (
				760404F32E06F53F003D2210 /* Debug */,
				760404F42E06F53F003D2210 /* Release */,
			);
			defaultConfigurationIsVisible = 0;
			defaultConfigurationName = Release;
		};
		760404F52E06F53F003D2210 /* Build configuration list for PBXNativeTarget "PasswordUtilUITests" */ = {
			isa = XCConfigurationList;
			buildConfigurations = (
				760404F62E06F53F003D2210 /* Debug */,
				760404F72E06F53F003D2210 /* Release */,
			);
			defaultConfigurationIsVisible = 0;
			defaultConfigurationName = Release;
		};
		76784CCE2E08420F0029B277 /* Build configuration list for PBXNativeTarget "DailyPasswordsExtension" */ = {
			isa = XCConfigurationList;
			buildConfigurations = (
				76784CCB2E08420F0029B277 /* Debug */,
				76784CCC2E08420F0029B277 /* Release */,
			);
			defaultConfigurationIsVisible = 0;
			defaultConfigurationName = Release;
		};
/* End XCConfigurationList section */
	};
	rootObject = 760404C42E06F53E003D2210 /* Project object */;
}
